
Microsoft Visual Studio Solution File, Format Version 12.00
# Visual Studio Version 17
VisualStudioVersion = 17.14.37027.9
MinimumVisualStudioVersion = 10.0.40219.1
Project("{FAE04EC0-301F-11D3-BF4B-00C04F79EFBC}") = "Singleton_Pattern", "Singleton_Pattern\Singleton_Pattern.csproj", "{FFC362A3-DFFD-4C59-B881-D1FE38CDA439}"
EndProject
Project("{FAE04EC0-301F-11D3-BF4B-00C04F79EFBC}") = "FactoryMethod_Pattern", "FactoryMethod_Pattern\FactoryMethod_Pattern.csproj", "{04B2CAB4-ED98-4335-952E-BBA88AD1AEB4}"
EndProject
Project("{FAE04EC0-301F-11D3-BF4B-00C04F79EFBC}") = "Decorator_Pattern", "Decorator_Pattern\Decorator_Pattern.csproj", "{72B21175-572E-471A-A672-9866D1532C73}"
EndProject
Global
	GlobalSection(SolutionConfigurationPlatforms) = preSolution
		Debug|Any CPU = Debug|Any CPU
		Release|Any CPU = Release|Any CPU
	EndGlobalSection
	GlobalSection(ProjectConfigurationPlatforms) = postSolution
		{FFC362A3-DFFD-4C59-B881-D1FE38CDA439}.Debug|Any CPU.ActiveCfg = Debug|Any CPU
		{FFC362A3-DFFD-4C59-B881-D1FE38CDA439}.Debug|Any CPU.Build.0 = Debug|Any CPU
		{FFC362A3-DFFD-4C59-B881-D1FE38CDA439}.Release|Any CPU.ActiveCfg = Release|Any CPU
		{FFC362A3-DFFD-4C59-B881-D1FE38CDA439}.Release|Any CPU.Build.0 = Release|Any CPU
		{04B2CAB4-ED98-4335-952E-BBA88AD1AEB4}.Debug|Any CPU.ActiveCfg = Debug|Any CPU
		{04B2CAB4-ED98-4335-952E-BBA88AD1AEB4}.Debug|Any CPU.Build.0 = Debug|Any CPU
		{04B2CAB4-ED98-4335-952E-BBA88AD1AEB4}.Release|Any CPU.ActiveCfg = Release|Any CPU
		{04B2CAB4-ED98-4335-952E-BBA88AD1AEB4}.Release|Any CPU.Build.0 = Release|Any CPU
		{72B21175-572E-471A-A672-9866D1532C73}.Debug|Any CPU.ActiveCfg = Debug|Any CPU
		{72B21175-572E-471A-A672-9866D1532C73}.Debug|Any CPU.Build.0 = Debug|Any CPU
		{72B21175-572E-471A-A672-9866D1532C73}.Release|Any CPU.ActiveCfg = Release|Any CPU
		{72B21175-572E-471A-A672-9866D1532C73}.Release|Any CPU.Build.0 = Release|Any CPU
	EndGlobalSection
	GlobalSection(SolutionProperties) = preSolution
		HideSolutionNode = FALSE
	EndGlobalSection
	GlobalSection(ExtensibilityGlobals) = postSolution
		SolutionGuid = {6EF2E86E-7CC8-4B2B-887D-CF3835CFBAE8}
	EndGlobalSection
EndGlobal
